
Microsoft Visual Studio Solution File, Format Version 12.00
# Visual Studio Version 17
VisualStudioVersion = 17.9.34622.214
MinimumVisualStudioVersion = 10.0.40219.1
Project("{FAE04EC0-301F-11D3-BF4B-00C04F79EFBC}") = "CadastroCarroApp", "CadastroCarroApp\CadastroCarroApp.csproj", "{BD88ECA1-F2C9-4354-BDC2-82C4673177EA}"
EndProject
Global
	GlobalSection(SolutionConfigurationPlatforms) = preSolution
		Debug|Any CPU = Debug|Any CPU
		Release|Any CPU = Release|Any CPU
	EndGlobalSection
	GlobalSection(ProjectConfigurationPlatforms) = postSolution
		{BD88ECA1-F2C9-4354-BDC2-82C4673177EA}.Debug|Any CPU.ActiveCfg = Debug|Any CPU
		{BD88ECA1-F2C9-4354-BDC2-82C4673177EA}.Debug|Any CPU.Build.0 = Debug|Any CPU
		{BD88ECA1-F2C9-4354-BDC2-82C4673177EA}.Release|Any CPU.ActiveCfg = Release|Any CPU
		{BD88ECA1-F2C9-4354-BDC2-82C4673177EA}.Release|Any CPU.Build.0 = Release|Any CPU
	EndGlobalSection
	GlobalSection(SolutionProperties) = preSolution
		HideSolutionNode = FALSE
	EndGlobalSection
	GlobalSection(ExtensibilityGlobals) = postSolution
		SolutionGuid = {85112748-206D-424C-A6A4-36D8029D43D3}
	EndGlobalSection
EndGlobal
